
Microsoft Visual Studio Solution File, Format Version 12.00
# Visual Studio Version 17
VisualStudioVersion = 17.9.34607.119
MinimumVisualStudioVersion = 10.0.40219.1
Project("{FAE04EC0-301F-11D3-BF4B-00C04F79EFBC}") = "Spyware", "Spyware\Spyware.csproj", "{2643F9B5-0A30-49B0-82E9-6F62A4E68C42}"
EndProject
Global
	GlobalSection(SolutionConfigurationPlatforms) = preSolution
		Debug|Any CPU = Debug|Any CPU
		Release|Any CPU = Release|Any CPU
	EndGlobalSection
	GlobalSection(ProjectConfigurationPlatforms) = postSolution
		{2643F9B5-0A30-49B0-82E9-6F62A4E68C42}.Debug|Any CPU.ActiveCfg = Debug|Any CPU
		{2643F9B5-0A30-49B0-82E9-6F62A4E68C42}.Debug|Any CPU.Build.0 = Debug|Any CPU
		{2643F9B5-0A30-49B0-82E9-6F62A4E68C42}.Release|Any CPU.ActiveCfg = Release|Any CPU
		{2643F9B5-0A30-49B0-82E9-6F62A4E68C42}.Release|Any CPU.Build.0 = Release|Any CPU
	EndGlobalSection
	GlobalSection(SolutionProperties) = preSolution
		HideSolutionNode = FALSE
	EndGlobalSection
	GlobalSection(ExtensibilityGlobals) = postSolution
		SolutionGuid = {BE368ABC-30AB-4A13-A54F-A888FB6387D1}
	EndGlobalSection
EndGlobal
